
Microsoft Visual Studio Solution File, Format Version 12.00
# Visual Studio Version 17
VisualStudioVersion = 17.2.32519.379
MinimumVisualStudioVersion = 10.0.40219.1
Project("{FAE04EC0-301F-11D3-BF4B-00C04F79EFBC}") = "ApiApplicationUi", "src\ApiApplicationUi\ApiApplicationUi.csproj", "{29A63357-37D4-4292-B0BF-09E3F2E0EB01}"
EndProject
Project("{FAE04EC0-301F-11D3-BF4B-00C04F79EFBC}") = "ApiApplicationCore", "src\ApiApplicationCore\ApiApplicationCore.csproj", "{2C33B83E-413E-436C-BBFF-D7880B74AED0}"
EndProject
Project("{FAE04EC0-301F-11D3-BF4B-00C04F79EFBC}") = "ApiApplicationDataAccess", "src\ApiApplicationDataAccess\ApiApplicationDataAccess.csproj", "{DCB3B621-0225-44E0-94F1-F303A5D1DF55}"
EndProject
Global
	GlobalSection(SolutionConfigurationPlatforms) = preSolution
		Debug|Any CPU = Debug|Any CPU
		Release|Any CPU = Release|Any CPU
	EndGlobalSection
	GlobalSection(ProjectConfigurationPlatforms) = postSolution
		{29A63357-37D4-4292-B0BF-09E3F2E0EB01}.Debug|Any CPU.ActiveCfg = Debug|Any CPU
		{29A63357-37D4-4292-B0BF-09E3F2E0EB01}.Debug|Any CPU.Build.0 = Debug|Any CPU
		{29A63357-37D4-4292-B0BF-09E3F2E0EB01}.Release|Any CPU.ActiveCfg = Release|Any CPU
		{29A63357-37D4-4292-B0BF-09E3F2E0EB01}.Release|Any CPU.Build.0 = Release|Any CPU
		{2C33B83E-413E-436C-BBFF-D7880B74AED0}.Debug|Any CPU.ActiveCfg = Debug|Any CPU
		{2C33B83E-413E-436C-BBFF-D7880B74AED0}.Debug|Any CPU.Build.0 = Debug|Any CPU
		{2C33B83E-413E-436C-BBFF-D7880B74AED0}.Release|Any CPU.ActiveCfg = Release|Any CPU
		{2C33B83E-413E-436C-BBFF-D7880B74AED0}.Release|Any CPU.Build.0 = Release|Any CPU
		{DCB3B621-0225-44E0-94F1-F303A5D1DF55}.Debug|Any CPU.ActiveCfg = Debug|Any CPU
		{DCB3B621-0225-44E0-94F1-F303A5D1DF55}.Debug|Any CPU.Build.0 = Debug|Any CPU
		{DCB3B621-0225-44E0-94F1-F303A5D1DF55}.Release|Any CPU.ActiveCfg = Release|Any CPU
		{DCB3B621-0225-44E0-94F1-F303A5D1DF55}.Release|Any CPU.Build.0 = Release|Any CPU
	EndGlobalSection
	GlobalSection(SolutionProperties) = preSolution
		HideSolutionNode = FALSE
	EndGlobalSection
	GlobalSection(ExtensibilityGlobals) = postSolution
		SolutionGuid = {2B6456C2-7A42-4323-989C-9DBE0769C462}
	EndGlobalSection
EndGlobal
